
Microsoft Visual Studio Solution File, Format Version 12.00
# Visual Studio Version 16
VisualStudioVersion = 16.0.30128.74
MinimumVisualStudioVersion = 10.0.40219.1
Project("{FAE04EC0-301F-11D3-BF4B-00C04F79EFBC}") = "MCCBitmapIO", "MCCBitmapIO.csproj", "{E6B181F7-08F1-4BE9-8D33-461EB14013AA}"
EndProject
Global
	GlobalSection(SolutionConfigurationPlatforms) = preSolution
		Debug|Any CPU = Debug|Any CPU
		Release|Any CPU = Release|Any CPU
	EndGlobalSection
	GlobalSection(ProjectConfigurationPlatforms) = postSolution
		{E6B181F7-08F1-4BE9-8D33-461EB14013AA}.Debug|Any CPU.ActiveCfg = Debug|Any CPU
		{E6B181F7-08F1-4BE9-8D33-461EB14013AA}.Debug|Any CPU.Build.0 = Debug|Any CPU
		{E6B181F7-08F1-4BE9-8D33-461EB14013AA}.Release|Any CPU.ActiveCfg = Release|Any CPU
		{E6B181F7-08F1-4BE9-8D33-461EB14013AA}.Release|Any CPU.Build.0 = Release|Any CPU
	EndGlobalSection
	GlobalSection(SolutionProperties) = preSolution
		HideSolutionNode = FALSE
	EndGlobalSection
	GlobalSection(ExtensibilityGlobals) = postSolution
		SolutionGuid = {510080F0-86C6-4667-B483-1EE8B1FACF79}
	EndGlobalSection
EndGlobal
